
Microsoft Visual Studio Solution File, Format Version 12.00
# Visual Studio Version 17
VisualStudioVersion = 17.0.31903.59
MinimumVisualStudioVersion = 10.0.40219.1
Project("{FAE04EC0-301F-11D3-BF4B-00C04F79EFBC}") = "Cardboard.Net.Commands", "Cardboard.Net.Commands\Cardboard.Net.Commands.csproj", "{8E0D9787-3218-4EEA-8CC3-541CD87737A2}"
EndProject
Project("{FAE04EC0-301F-11D3-BF4B-00C04F79EFBC}") = "Cardboard.Net.Websocket", "Cardboard.Net.Websocket\Cardboard.Net.Websocket.csproj", "{C058C823-A3F0-408A-9169-17E4C5AD6F49}"
EndProject
Project("{FAE04EC0-301F-11D3-BF4B-00C04F79EFBC}") = "Cardboard.Net.Sample", "Cardboard.Net.Sample\Cardboard.Net.Sample.csproj", "{A4D90F57-5063-4FAA-A5F6-880A9CB87B50}"
EndProject
Project("{FAE04EC0-301F-11D3-BF4B-00C04F79EFBC}") = "Cardboard.Net.Rest", "Cardboard.Net.Rest\Cardboard.Net.Rest.csproj", "{9DCAAEC4-856F-4E33-91CD-8053DDE8A32C}"
EndProject
Project("{FAE04EC0-301F-11D3-BF4B-00C04F79EFBC}") = "Cardboard.Net.Core", "Cardboard.Net.Core\Cardboard.Net.Core.csproj", "{59C45F32-820B-449E-9A89-942A0B4C2F64}"
EndProject
Global
	GlobalSection(SolutionConfigurationPlatforms) = preSolution
		Debug|Any CPU = Debug|Any CPU
		Release|Any CPU = Release|Any CPU
	EndGlobalSection
	GlobalSection(SolutionProperties) = preSolution
		HideSolutionNode = FALSE
	EndGlobalSection
	GlobalSection(ProjectConfigurationPlatforms) = postSolution
		{8E0D9787-3218-4EEA-8CC3-541CD87737A2}.Debug|Any CPU.ActiveCfg = Debug|Any CPU
		{8E0D9787-3218-4EEA-8CC3-541CD87737A2}.Debug|Any CPU.Build.0 = Debug|Any CPU
		{8E0D9787-3218-4EEA-8CC3-541CD87737A2}.Release|Any CPU.ActiveCfg = Release|Any CPU
		{8E0D9787-3218-4EEA-8CC3-541CD87737A2}.Release|Any CPU.Build.0 = Release|Any CPU
		{C058C823-A3F0-408A-9169-17E4C5AD6F49}.Debug|Any CPU.ActiveCfg = Debug|Any CPU
		{C058C823-A3F0-408A-9169-17E4C5AD6F49}.Debug|Any CPU.Build.0 = Debug|Any CPU
		{C058C823-A3F0-408A-9169-17E4C5AD6F49}.Release|Any CPU.ActiveCfg = Release|Any CPU
		{C058C823-A3F0-408A-9169-17E4C5AD6F49}.Release|Any CPU.Build.0 = Release|Any CPU
		{A4D90F57-5063-4FAA-A5F6-880A9CB87B50}.Debug|Any CPU.ActiveCfg = Debug|Any CPU
		{A4D90F57-5063-4FAA-A5F6-880A9CB87B50}.Debug|Any CPU.Build.0 = Debug|Any CPU
		{A4D90F57-5063-4FAA-A5F6-880A9CB87B50}.Release|Any CPU.ActiveCfg = Release|Any CPU
		{A4D90F57-5063-4FAA-A5F6-880A9CB87B50}.Release|Any CPU.Build.0 = Release|Any CPU
		{9DCAAEC4-856F-4E33-91CD-8053DDE8A32C}.Debug|Any CPU.ActiveCfg = Debug|Any CPU
		{9DCAAEC4-856F-4E33-91CD-8053DDE8A32C}.Debug|Any CPU.Build.0 = Debug|Any CPU
		{9DCAAEC4-856F-4E33-91CD-8053DDE8A32C}.Release|Any CPU.ActiveCfg = Release|Any CPU
		{9DCAAEC4-856F-4E33-91CD-8053DDE8A32C}.Release|Any CPU.Build.0 = Release|Any CPU
		{59C45F32-820B-449E-9A89-942A0B4C2F64}.Debug|Any CPU.ActiveCfg = Debug|Any CPU
		{59C45F32-820B-449E-9A89-942A0B4C2F64}.Debug|Any CPU.Build.0 = Debug|Any CPU
		{59C45F32-820B-449E-9A89-942A0B4C2F64}.Release|Any CPU.ActiveCfg = Release|Any CPU
		{59C45F32-820B-449E-9A89-942A0B4C2F64}.Release|Any CPU.Build.0 = Release|Any CPU
	EndGlobalSection
EndGlobal
